
Microsoft Visual Studio Solution File, Format Version 12.00
# Visual Studio Version 17
VisualStudioVersion = 17.13.35931.197 d17.13
MinimumVisualStudioVersion = 10.0.40219.1
Project("{FAE04EC0-301F-11D3-BF4B-00C04F79EFBC}") = "ErrorHandling.Web", "ErrorHandling.Web\ErrorHandling.Web.csproj", "{5893B34D-01EB-4AD7-A2B9-20E07E894337}"
EndProject
Global
	GlobalSection(SolutionConfigurationPlatforms) = preSolution
		Debug|Any CPU = Debug|Any CPU
		Release|Any CPU = Release|Any CPU
	EndGlobalSection
	GlobalSection(ProjectConfigurationPlatforms) = postSolution
		{5893B34D-01EB-4AD7-A2B9-20E07E894337}.Debug|Any CPU.ActiveCfg = Debug|Any CPU
		{5893B34D-01EB-4AD7-A2B9-20E07E894337}.Debug|Any CPU.Build.0 = Debug|Any CPU
		{5893B34D-01EB-4AD7-A2B9-20E07E894337}.Release|Any CPU.ActiveCfg = Release|Any CPU
		{5893B34D-01EB-4AD7-A2B9-20E07E894337}.Release|Any CPU.Build.0 = Release|Any CPU
	EndGlobalSection
	GlobalSection(SolutionProperties) = preSolution
		HideSolutionNode = FALSE
	EndGlobalSection
	GlobalSection(ExtensibilityGlobals) = postSolution
		SolutionGuid = {C0D36BFB-B75C-4A68-AC42-513A7AE24C0F}
	EndGlobalSection
EndGlobal
